
Microsoft Visual Studio Solution File, Format Version 12.00
# Visual Studio 15
VisualStudioVersion = 15.0.26621.2
MinimumVisualStudioVersion = 10.0.40219.1
Project("{9A19103F-16F7-4668-BE54-9A1E7A4F7556}") = "Daenet.DurableTaskMicroservices", "Daenet.DurableTaskMicroservices\Daenet.DurableTaskMicroservices.csproj", "{25DB235C-2235-4F3D-BDD9-0DF86E0AF846}"
EndProject
Project("{FAE04EC0-301F-11D3-BF4B-00C04F79EFBC}") = "Daenet.DurableTaskMicroservices.DotNetUnitTests", "Daenet.DurableTaskMicroservices.DotNetUnitTests\Daenet.DurableTaskMicroservices.DotNetUnitTests.csproj", "{A03DAA2F-4D8D-434B-A3C4-217457FC5569}"
EndProject
Global
	GlobalSection(SolutionConfigurationPlatforms) = preSolution
		Debug|Any CPU = Debug|Any CPU
		Release|Any CPU = Release|Any CPU
	EndGlobalSection
	GlobalSection(ProjectConfigurationPlatforms) = postSolution
		{25DB235C-2235-4F3D-BDD9-0DF86E0AF846}.Debug|Any CPU.ActiveCfg = Debug|Any CPU
		{25DB235C-2235-4F3D-BDD9-0DF86E0AF846}.Debug|Any CPU.Build.0 = Debug|Any CPU
		{25DB235C-2235-4F3D-BDD9-0DF86E0AF846}.Release|Any CPU.ActiveCfg = Release|Any CPU
		{25DB235C-2235-4F3D-BDD9-0DF86E0AF846}.Release|Any CPU.Build.0 = Release|Any CPU
		{A03DAA2F-4D8D-434B-A3C4-217457FC5569}.Debug|Any CPU.ActiveCfg = Debug|Any CPU
		{A03DAA2F-4D8D-434B-A3C4-217457FC5569}.Debug|Any CPU.Build.0 = Debug|Any CPU
		{A03DAA2F-4D8D-434B-A3C4-217457FC5569}.Release|Any CPU.ActiveCfg = Release|Any CPU
		{A03DAA2F-4D8D-434B-A3C4-217457FC5569}.Release|Any CPU.Build.0 = Release|Any CPU
	EndGlobalSection
	GlobalSection(SolutionProperties) = preSolution
		HideSolutionNode = FALSE
	EndGlobalSection
	GlobalSection(ExtensibilityGlobals) = postSolution
		SolutionGuid = {7F0F7CFB-7393-4F23-863B-9647E94ECC81}
	EndGlobalSection
EndGlobal
